
Microsoft Visual Studio Solution File, Format Version 12.00
# Visual Studio Version 17
VisualStudioVersion = 17.3.32825.248
MinimumVisualStudioVersion = 10.0.40219.1
Project("{FAE04EC0-301F-11D3-BF4B-00C04F79EFBC}") = "SP_Practice", "SP_Practice.csproj", "{DAA13612-2C8B-4CA9-B177-8579198FADBF}"
EndProject
Project("{FAE04EC0-301F-11D3-BF4B-00C04F79EFBC}") = "1_File_IO", "..\1_File_IO\1_File_IO.csproj", "{BC312412-1623-4227-B1DA-771C4D5D2C8C}"
EndProject
Global
	GlobalSection(SolutionConfigurationPlatforms) = preSolution
		Debug|Any CPU = Debug|Any CPU
		Release|Any CPU = Release|Any CPU
	EndGlobalSection
	GlobalSection(ProjectConfigurationPlatforms) = postSolution
		{DAA13612-2C8B-4CA9-B177-8579198FADBF}.Debug|Any CPU.ActiveCfg = Debug|Any CPU
		{DAA13612-2C8B-4CA9-B177-8579198FADBF}.Debug|Any CPU.Build.0 = Debug|Any CPU
		{DAA13612-2C8B-4CA9-B177-8579198FADBF}.Release|Any CPU.ActiveCfg = Release|Any CPU
		{DAA13612-2C8B-4CA9-B177-8579198FADBF}.Release|Any CPU.Build.0 = Release|Any CPU
		{BC312412-1623-4227-B1DA-771C4D5D2C8C}.Debug|Any CPU.ActiveCfg = Debug|Any CPU
		{BC312412-1623-4227-B1DA-771C4D5D2C8C}.Debug|Any CPU.Build.0 = Debug|Any CPU
		{BC312412-1623-4227-B1DA-771C4D5D2C8C}.Release|Any CPU.ActiveCfg = Release|Any CPU
		{BC312412-1623-4227-B1DA-771C4D5D2C8C}.Release|Any CPU.Build.0 = Release|Any CPU
	EndGlobalSection
	GlobalSection(SolutionProperties) = preSolution
		HideSolutionNode = FALSE
	EndGlobalSection
	GlobalSection(ExtensibilityGlobals) = postSolution
		SolutionGuid = {91B8E069-D33B-4BB8-9E2E-F5DBFEDF32F6}
	EndGlobalSection
EndGlobal
